// !$*UTF8*$!
{
	archiveVersion = 1;
	classes = {
	};
	objectVersion = 56;
	objects = {

/* Begin PBXBuildFile section */
		C9BC3DB32BBA993C00F89F54 /* AppDelegate.swift in Sources */ = {isa = PBXBuildFile; fileRef = C9BC3DB22BBA993C00F89F54 /* AppDelegate.swift */; };
		C9BC3DB52BBA993C00F89F54 /* SceneDelegate.swift in Sources */ = {isa = PBXBuildFile; fileRef = C9BC3DB42BBA993C00F89F54 /* SceneDelegate.swift */; };
		C9BC3DB72BBA993C00F89F54 /* ViewController.swift in Sources */ = {isa = PBXBuildFile; fileRef = C9BC3DB62BBA993C00F89F54 /* ViewController.swift */; };
		C9BC3DBA2BBA993C00F89F54 /* Main.storyboard in Resources */ = {isa = PBXBuildFile; fileRef = C9BC3DB82BBA993C00F89F54 /* Main.storyboard */; };
		C9BC3DBC2BBA993C00F89F54 /* Assets.xcassets in Resources */ = {isa = PBXBuildFile; fileRef = C9BC3DBB2BBA993C00F89F54 /* Assets.xcassets */; };
		C9BC3DBF2BBA993C00F89F54 /* LaunchScreen.storyboard in Resources */ = {isa = PBXBuildFile; fileRef = C9BC3DBD2BBA993C00F89F54 /* LaunchScreen.storyboard */; };
		C9BC3DC72BBA9B1700F89F54 /* LXModel.swift in Sources */ = {isa = PBXBuildFile; fileRef = C9BC3DC62BBA9B1700F89F54 /* LXModel.swift */; };
		E72A2FCAF6DCC026042F4A79 /* Pods_LXSwift.framework in Frameworks */ = {isa = PBXBuildFile; fileRef = 7F7AF1ED59A54DB3D8A74F76 /* Pods_LXSwift.framework */; };
/* End PBXBuildFile section */

/* Begin PBXFileReference section */
		4600C45EF660495925DCC169 /* Pods-LXSwift.release.xcconfig */ = {isa = PBXFileReference; includeInIndex = 1; lastKnownFileType = text.xcconfig; name = "Pods-LXSwift.release.xcconfig"; path = "Target Support Files/Pods-LXSwift/Pods-LXSwift.release.xcconfig"; sourceTree = "<group>"; };
		7F7AF1ED59A54DB3D8A74F76 /* Pods_LXSwift.framework */ = {isa = PBXFileReference; explicitFileType = wrapper.framework; includeInIndex = 0; path = Pods_LXSwift.framework; sourceTree = BUILT_PRODUCTS_DIR; };
		C38826B1643CDBAAEED0BA2A /* Pods-LXSwift.debug.xcconfig */ = {isa = PBXFileReference; includeInIndex = 1; lastKnownFileType = text.xcconfig; name = "Pods-LXSwift.debug.xcconfig"; path = "Target Support Files/Pods-LXSwift/Pods-LXSwift.debug.xcconfig"; sourceTree = "<group>"; };
		C9BC3DAF2BBA993C00F89F54 /* LXSwift.app */ = {isa = PBXFileReference; explicitFileType = wrapper.application; includeInIndex = 0; path = LXSwift.app; sourceTree = BUILT_PRODUCTS_DIR; };
		C9BC3DB22BBA993C00F89F54 /* AppDelegate.swift */ = {isa = PBXFileReference; lastKnownFileType = sourcecode.swift; path = AppDelegate.swift; sourceTree = "<group>"; };
		C9BC3DB42BBA993C00F89F54 /* SceneDelegate.swift */ = {isa = PBXFileReference; lastKnownFileType = sourcecode.swift; path = SceneDelegate.swift; sourceTree = "<group>"; };
		C9BC3DB62BBA993C00F89F54 /* ViewController.swift */ = {isa = PBXFileReference; lastKnownFileType = sourcecode.swift; path = ViewController.swift; sourceTree = "<group>"; };
		C9BC3DB92BBA993C00F89F54 /* Base */ = {isa = PBXFileReference; lastKnownFileType = file.storyboard; name = Base; path = Base.lproj/Main.storyboard; sourceTree = "<group>"; };
		C9BC3DBB2BBA993C00F89F54 /* Assets.xcassets */ = {isa = PBXFileReference; lastKnownFileType = folder.assetcatalog; path = Assets.xcassets; sourceTree = "<group>"; };
		C9BC3DBE2BBA993C00F89F54 /* Base */ = {isa = PBXFileReference; lastKnownFileType = file.storyboard; name = Base; path = Base.lproj/LaunchScreen.storyboard; sourceTree = "<group>"; };
		C9BC3DC02BBA993C00F89F54 /* Info.plist */ = {isa = PBXFileReference; lastKnownFileType = text.plist.xml; path = Info.plist; sourceTree = "<group>"; };
		C9BC3DC62BBA9B1700F89F54 /* LXModel.swift */ = {isa = PBXFileReference; lastKnownFileType = sourcecode.swift; path = LXModel.swift; sourceTree = "<group>"; };
/* End PBXFileReference section */

/* Begin PBXFrameworksBuildPhase section */
		C9BC3DAC2BBA993C00F89F54 /* Frameworks */ = {
			isa = PBXFrameworksBuildPhase;
			buildActionMask = 2147483647;
			files = (
				E72A2FCAF6DCC026042F4A79 /* Pods_LXSwift.framework in Frameworks */,
			);
			runOnlyForDeploymentPostprocessing = 0;
		};
/* End PBXFrameworksBuildPhase section */

/* Begin PBXGroup section */
		793E06860A77997C4E72876A /* Frameworks */ = {
			isa = PBXGroup;
			children = (
				7F7AF1ED59A54DB3D8A74F76 /* Pods_LXSwift.framework */,
			);
			name = Frameworks;
			sourceTree = "<group>";
		};
		C2DB7C9F4068BD4A80058405 /* Pods */ = {
			isa = PBXGroup;
			children = (
				C38826B1643CDBAAEED0BA2A /* Pods-LXSwift.debug.xcconfig */,
				4600C45EF660495925DCC169 /* Pods-LXSwift.release.xcconfig */,
			);
			path = Pods;
			sourceTree = "<group>";
		};
		C9BC3DA62BBA993C00F89F54 = {
			isa = PBXGroup;
			children = (
				C9BC3DB12BBA993C00F89F54 /* LXSwift */,
				C9BC3DB02BBA993C00F89F54 /* Products */,
				C2DB7C9F4068BD4A80058405 /* Pods */,
				793E06860A77997C4E72876A /* Frameworks */,
			);
			sourceTree = "<group>";
		};
		C9BC3DB02BBA993C00F89F54 /* Products */ = {
			isa = PBXGroup;
			children = (
				C9BC3DAF2BBA993C00F89F54 /* LXSwift.app */,
			);
			name = Products;
			sourceTree = "<group>";
		};
		C9BC3DB12BBA993C00F89F54 /* LXSwift */ = {
			isa = PBXGroup;
			children = (
				C9BC3DB22BBA993C00F89F54 /* AppDelegate.swift */,
				C9BC3DB42BBA993C00F89F54 /* SceneDelegate.swift */,
				C9BC3DB62BBA993C00F89F54 /* ViewController.swift */,
				C9BC3DB82BBA993C00F89F54 /* Main.storyboard */,
				C9BC3DBB2BBA993C00F89F54 /* Assets.xcassets */,
				C9BC3DBD2BBA993C00F89F54 /* LaunchScreen.storyboard */,
				C9BC3DC02BBA993C00F89F54 /* Info.plist */,
				C9BC3DC62BBA9B1700F89F54 /* LXModel.swift */,
			);
			path = LXSwift;
			sourceTree = "<group>";
		};
/* End PBXGroup section */

/* Begin PBXNativeTarget section */
		C9BC3DAE2BBA993C00F89F54 /* LXSwift */ = {
			isa = PBXNativeTarget;
			buildConfigurationList = C9BC3DC32BBA993C00F89F54 /* Build configuration list for PBXNativeTarget "LXSwift" */;
			buildPhases = (
				E265D901C8A45A87BDF48E7D /* [CP] Check Pods Manifest.lock */,
				C9BC3DAB2BBA993C00F89F54 /* Sources */,
				C9BC3DAC2BBA993C00F89F54 /* Frameworks */,
				C9BC3DAD2BBA993C00F89F54 /* Resources */,
				8D0231CA0569FD8ED8E0225E /* [CP] Embed Pods Frameworks */,
			);
			buildRules = (
			);
			dependencies = (
			);
			name = LXSwift;
			productName = LXSwift;
			productReference = C9BC3DAF2BBA993C00F89F54 /* LXSwift.app */;
			productType = "com.apple.product-type.application";
		};
/* End PBXNativeTarget section */

/* Begin PBXProject section */
		C9BC3DA72BBA993C00F89F54 /* Project object */ = {
			isa = PBXProject;
			attributes = {
				BuildIndependentTargetsInParallel = 1;
				LastSwiftUpdateCheck = 1500;
				LastUpgradeCheck = 1500;
				TargetAttributes = {
					C9BC3DAE2BBA993C00F89F54 = {
						CreatedOnToolsVersion = 15.0.1;
					};
				};
			};
			buildConfigurationList = C9BC3DAA2BBA993C00F89F54 /* Build configuration list for PBXProject "LXSwift" */;
			compatibilityVersion = "Xcode 14.0";
			developmentRegion = en;
			hasScannedForEncodings = 0;
			knownRegions = (
				en,
				Base,
			);
			mainGroup = C9BC3DA62BBA993C00F89F54;
			productRefGroup = C9BC3DB02BBA993C00F89F54 /* Products */;
			projectDirPath = "";
			projectRoot = "";
			targets = (
				C9BC3DAE2BBA993C00F89F54 /* LXSwift */,
			);
		};
/* End PBXProject section */

/* Begin PBXResourcesBuildPhase section */
		C9BC3DAD2BBA993C00F89F54 /* Resources */ = {
			isa = PBXResourcesBuildPhase;
			buildActionMask = 2147483647;
			files = (
				C9BC3DBF2BBA993C00F89F54 /* LaunchScreen.storyboard in Resources */,
				C9BC3DBC2BBA993C00F89F54 /* Assets.xcassets in Resources */,
				C9BC3DBA2BBA993C00F89F54 /* Main.storyboard in Resources */,
			);
			runOnlyForDeploymentPostprocessing = 0;
		};
/* End PBXResourcesBuildPhase section */

/* Begin PBXShellScriptBuildPhase section */
		8D0231CA0569FD8ED8E0225E /* [CP] Embed Pods Frameworks */ = {
			isa = PBXShellScriptBuildPhase;
			buildActionMask = 2147483647;
			files = (
			);
			inputFileListPaths = (
				"${PODS_ROOT}/Target Support Files/Pods-LXSwift/Pods-LXSwift-frameworks-${CONFIGURATION}-input-files.xcfilelist",
			);
			name = "[CP] Embed Pods Frameworks";
			outputFileListPaths = (
				"${PODS_ROOT}/Target Support Files/Pods-LXSwift/Pods-LXSwift-frameworks-${CONFIGURATION}-output-files.xcfilelist",
			);
			runOnlyForDeploymentPostprocessing = 0;
			shellPath = /bin/sh;
			shellScript = "\"${PODS_ROOT}/Target Support Files/Pods-LXSwift/Pods-LXSwift-frameworks.sh\"\n";
			showEnvVarsInLog = 0;
		};
		E265D901C8A45A87BDF48E7D /* [CP] Check Pods Manifest.lock */ = {
			isa = PBXShellScriptBuildPhase;
			buildActionMask = 2147483647;
			files = (
			);
			inputFileListPaths = (
			);
			inputPaths = (
				"${PODS_PODFILE_DIR_PATH}/Podfile.lock",
				"${PODS_ROOT}/Manifest.lock",
			);
			name = "[CP] Check Pods Manifest.lock";
			outputFileListPaths = (
			);
			outputPaths = (
				"$(DERIVED_FILE_DIR)/Pods-LXSwift-checkManifestLockResult.txt",
			);
			runOnlyForDeploymentPostprocessing = 0;
			shellPath = /bin/sh;
			shellScript = "diff \"${PODS_PODFILE_DIR_PATH}/Podfile.lock\" \"${PODS_ROOT}/Manifest.lock\" > /dev/null\nif [ $? != 0 ] ; then\n    # print error to STDERR\n    echo \"error: The sandbox is not in sync with the Podfile.lock. Run 'pod install' or update your CocoaPods installation.\" >&2\n    exit 1\nfi\n# This output is used by Xcode 'outputs' to avoid re-running this script phase.\necho \"SUCCESS\" > \"${SCRIPT_OUTPUT_FILE_0}\"\n";
			showEnvVarsInLog = 0;
		};
/* End PBXShellScriptBuildPhase section */

/* Begin PBXSourcesBuildPhase section */
		C9BC3DAB2BBA993C00F89F54 /* Sources */ = {
			isa = PBXSourcesBuildPhase;
			buildActionMask = 2147483647;
			files = (
				C9BC3DB72BBA993C00F89F54 /* ViewController.swift in Sources */,
				C9BC3DC72BBA9B1700F89F54 /* LXModel.swift in Sources */,
				C9BC3DB32BBA993C00F89F54 /* AppDelegate.swift in Sources */,
				C9BC3DB52BBA993C00F89F54 /* SceneDelegate.swift in Sources */,
			);
			runOnlyForDeploymentPostprocessing = 0;
		};
/* End PBXSourcesBuildPhase section */

/* Begin PBXVariantGroup section */
		C9BC3DB82BBA993C00F89F54 /* Main.storyboard */ = {
			isa = PBXVariantGroup;
			children = (
				C9BC3DB92BBA993C00F89F54 /* Base */,
			);
			name = Main.storyboard;
			sourceTree = "<group>";
		};
		C9BC3DBD2BBA993C00F89F54 /* LaunchScreen.storyboard */ = {
			isa = PBXVariantGroup;
			children = (
				C9BC3DBE2BBA993C00F89F54 /* Base */,
			);
			name = LaunchScreen.storyboard;
			sourceTree = "<group>";
		};
/* End PBXVariantGroup section */

/* Begin XCBuildConfiguration section */
		C9BC3DC12BBA993C00F89F54 /* Debug */ = {
			isa = XCBuildConfiguration;
			buildSettings = {
				ALWAYS_SEARCH_USER_PATHS = NO;
				ASSETCATALOG_COMPILER_GENERATE_SWIFT_ASSET_SYMBOL_EXTENSIONS = YES;
				CLANG_ANALYZER_NONNULL = YES;
				CLANG_ANALYZER_NUMBER_OBJECT_CONVERSION = YES_AGGRESSIVE;
				CLANG_CXX_LANGUAGE_STANDARD = "gnu++20";
				CLANG_ENABLE_MODULES = YES;
				CLANG_ENABLE_OBJC_ARC = YES;
				CLANG_ENABLE_OBJC_WEAK = YES;
				CLANG_WARN_BLOCK_CAPTURE_AUTORELEASING = YES;
				CLANG_WARN_BOOL_CONVERSION = YES;
				CLANG_WARN_COMMA = YES;
				CLANG_WARN_CONSTANT_CONVERSION = YES;
				CLANG_WARN_DEPRECATED_OBJC_IMPLEMENTATIONS = YES;
				CLANG_WARN_DIRECT_OBJC_ISA_USAGE = YES_ERROR;
				CLANG_WARN_DOCUMENTATION_COMMENTS = YES;
				CLANG_WARN_EMPTY_BODY = YES;
				CLANG_WARN_ENUM_CONVERSION = YES;
				CLANG_WARN_INFINITE_RECURSION = YES;
				CLANG_WARN_INT_CONVERSION = YES;
				CLANG_WARN_NON_LITERAL_NULL_CONVERSION = YES;
				CLANG_WARN_OBJC_IMPLICIT_RETAIN_SELF = YES;
				CLANG_WARN_OBJC_LITERAL_CONVERSION = YES;
				CLANG_WARN_OBJC_ROOT_CLASS = YES_ERROR;
				CLANG_WARN_QUOTED_INCLUDE_IN_FRAMEWORK_HEADER = YES;
				CLANG_WARN_RANGE_LOOP_ANALYSIS = YES;
				CLANG_WARN_STRICT_PROTOTYPES = YES;
				CLANG_WARN_SUSPICIOUS_MOVE = YES;
				CLANG_WARN_UNGUARDED_AVAILABILITY = YES_AGGRESSIVE;
				CLANG_WARN_UNREACHABLE_CODE = YES;
				CLANG_WARN__DUPLICATE_METHOD_MATCH = YES;
				COPY_PHASE_STRIP = NO;
				DEBUG_INFORMATION_FORMAT = dwarf;
				ENABLE_STRICT_OBJC_MSGSEND = YES;
				ENABLE_TESTABILITY = YES;
				ENABLE_USER_SCRIPT_SANDBOXING = YES;
				GCC_C_LANGUAGE_STANDARD = gnu17;
				GCC_DYNAMIC_NO_PIC = NO;
				GCC_NO_COMMON_BLOCKS = YES;
				GCC_OPTIMIZATION_LEVEL = 0;
				GCC_PREPROCESSOR_DEFINITIONS = (
					"DEBUG=1",
					"$(inherited)",
				);
				GCC_WARN_64_TO_32_BIT_CONVERSION = YES;
				GCC_WARN_ABOUT_RETURN_TYPE = YES_ERROR;
				GCC_WARN_UNDECLARED_SELECTOR = YES;
				GCC_WARN_UNINITIALIZED_AUTOS = YES_AGGRESSIVE;
				GCC_WARN_UNUSED_FUNCTION = YES;
				GCC_WARN_UNUSED_VARIABLE = YES;
				IPHONEOS_DEPLOYMENT_TARGET = 17.0;
				LOCALIZATION_PREFERS_STRING_CATALOGS = YES;
				MTL_ENABLE_DEBUG_INFO = INCLUDE_SOURCE;
				MTL_FAST_MATH = YES;
				ONLY_ACTIVE_ARCH = YES;
				SDKROOT = iphoneos;
				SWIFT_ACTIVE_COMPILATION_CONDITIONS = "DEBUG $(inherited)";
				SWIFT_OPTIMIZATION_LEVEL = "-Onone";
			};
			name = Debug;
		};
		C9BC3DC22BBA993C00F89F54 /* Release */ = {
			isa = XCBuildConfiguration;
			buildSettings = {
				ALWAYS_SEARCH_USER_PATHS = NO;
				ASSETCATALOG_COMPILER_GENERATE_SWIFT_ASSET_SYMBOL_EXTENSIONS = YES;
				CLANG_ANALYZER_NONNULL = YES;
				CLANG_ANALYZER_NUMBER_OBJECT_CONVERSION = YES_AGGRESSIVE;
				CLANG_CXX_LANGUAGE_STANDARD = "gnu++20";
				CLANG_ENABLE_MODULES = YES;
				CLANG_ENABLE_OBJC_ARC = YES;
				CLANG_ENABLE_OBJC_WEAK = YES;
				CLANG_WARN_BLOCK_CAPTURE_AUTORELEASING = YES;
				CLANG_WARN_BOOL_CONVERSION = YES;
				CLANG_WARN_COMMA = YES;
				CLANG_WARN_CONSTANT_CONVERSION = YES;
				CLANG_WARN_DEPRECATED_OBJC_IMPLEMENTATIONS = YES;
				CLANG_WARN_DIRECT_OBJC_ISA_USAGE = YES_ERROR;
				CLANG_WARN_DOCUMENTATION_COMMENTS = YES;
				CLANG_WARN_EMPTY_BODY = YES;
				CLANG_WARN_ENUM_CONVERSION = YES;
				CLANG_WARN_INFINITE_RECURSION = YES;
				CLANG_WARN_INT_CONVERSION = YES;
				CLANG_WARN_NON_LITERAL_NULL_CONVERSION = YES;
				CLANG_WARN_OBJC_IMPLICIT_RETAIN_SELF = YES;
				CLANG_WARN_OBJC_LITERAL_CONVERSION = YES;
				CLANG_WARN_OBJC_ROOT_CLASS = YES_ERROR;
				CLANG_WARN_QUOTED_INCLUDE_IN_FRAMEWORK_HEADER = YES;
				CLANG_WARN_RANGE_LOOP_ANALYSIS = YES;
				CLANG_WARN_STRICT_PROTOTYPES = YES;
				CLANG_WARN_SUSPICIOUS_MOVE = YES;
				CLANG_WARN_UNGUARDED_AVAILABILITY = YES_AGGRESSIVE;
				CLANG_WARN_UNREACHABLE_CODE = YES;
				CLANG_WARN__DUPLICATE_METHOD_MATCH = YES;
				COPY_PHASE_STRIP = NO;
				DEBUG_INFORMATION_FORMAT = "dwarf-with-dsym";
				ENABLE_NS_ASSERTIONS = NO;
				ENABLE_STRICT_OBJC_MSGSEND = YES;
				ENABLE_USER_SCRIPT_SANDBOXING = YES;
				GCC_C_LANGUAGE_STANDARD = gnu17;
				GCC_NO_COMMON_BLOCKS = YES;
				GCC_WARN_64_TO_32_BIT_CONVERSION = YES;
				GCC_WARN_ABOUT_RETURN_TYPE = YES_ERROR;
				GCC_WARN_UNDECLARED_SELECTOR = YES;
				GCC_WARN_UNINITIALIZED_AUTOS = YES_AGGRESSIVE;
				GCC_WARN_UNUSED_FUNCTION = YES;
				GCC_WARN_UNUSED_VARIABLE = YES;
				IPHONEOS_DEPLOYMENT_TARGET = 17.0;
				LOCALIZATION_PREFERS_STRING_CATALOGS = YES;
				MTL_ENABLE_DEBUG_INFO = NO;
				MTL_FAST_MATH = YES;
				SDKROOT = iphoneos;
				SWIFT_COMPILATION_MODE = wholemodule;
				VALIDATE_PRODUCT = YES;
			};
			name = Release;
		};
		C9BC3DC42BBA993C00F89F54 /* Debug */ = {
			isa = XCBuildConfiguration;
			baseConfigurationReference = C38826B1643CDBAAEED0BA2A /* Pods-LXSwift.debug.xcconfig */;
			buildSettings = {
				ASSETCATALOG_COMPILER_APPICON_NAME = AppIcon;
				ASSETCATALOG_COMPILER_GLOBAL_ACCENT_COLOR_NAME = AccentColor;
				CODE_SIGN_STYLE = Automatic;
				CURRENT_PROJECT_VERSION = 1;
				DEVELOPMENT_TEAM = PJ99P266B4;
				ENABLE_USER_SCRIPT_SANDBOXING = NO;
				GENERATE_INFOPLIST_FILE = YES;
				INFOPLIST_FILE = LXSwift/Info.plist;
				INFOPLIST_KEY_UIApplicationSupportsIndirectInputEvents = YES;
				INFOPLIST_KEY_UILaunchStoryboardName = LaunchScreen;
				INFOPLIST_KEY_UIMainStoryboardFile = Main;
				INFOPLIST_KEY_UISupportedInterfaceOrientations_iPad = "UIInterfaceOrientationPortrait UIInterfaceOrientationPortraitUpsideDown UIInterfaceOrientationLandscapeLeft UIInterfaceOrientationLandscapeRight";
				INFOPLIST_KEY_UISupportedInterfaceOrientations_iPhone = "UIInterfaceOrientationPortrait UIInterfaceOrientationLandscapeLeft UIInterfaceOrientationLandscapeRight";
				LD_RUNPATH_SEARCH_PATHS = (
					"$(inherited)",
					"@executable_path/Frameworks",
				);
				MARKETING_VERSION = 1.0;
				PRODUCT_BUNDLE_IDENTIFIER = lx.LXSwift;
				PRODUCT_NAME = "$(TARGET_NAME)";
				SWIFT_EMIT_LOC_STRINGS = YES;
				SWIFT_VERSION = 5.0;
				TARGETED_DEVICE_FAMILY = "1,2";
			};
			name = Debug;
		};
		C9BC3DC52BBA993C00F89F54 /* Release */ = {
			isa = XCBuildConfiguration;
			baseConfigurationReference = 4600C45EF660495925DCC169 /* Pods-LXSwift.release.xcconfig */;
			buildSettings = {
				ASSETCATALOG_COMPILER_APPICON_NAME = AppIcon;
				ASSETCATALOG_COMPILER_GLOBAL_ACCENT_COLOR_NAME = AccentColor;
				CODE_SIGN_STYLE = Automatic;
				CURRENT_PROJECT_VERSION = 1;
				DEVELOPMENT_TEAM = PJ99P266B4;
				ENABLE_USER_SCRIPT_SANDBOXING = NO;
				GENERATE_INFOPLIST_FILE = YES;
				INFOPLIST_FILE = LXSwift/Info.plist;
				INFOPLIST_KEY_UIApplicationSupportsIndirectInputEvents = YES;
				INFOPLIST_KEY_UILaunchStoryboardName = LaunchScreen;
				INFOPLIST_KEY_UIMainStoryboardFile = Main;
				INFOPLIST_KEY_UISupportedInterfaceOrientations_iPad = "UIInterfaceOrientationPortrait UIInterfaceOrientationPortraitUpsideDown UIInterfaceOrientationLandscapeLeft UIInterfaceOrientationLandscapeRight";
				INFOPLIST_KEY_UISupportedInterfaceOrientations_iPhone = "UIInterfaceOrientationPortrait UIInterfaceOrientationLandscapeLeft UIInterfaceOrientationLandscapeRight";
				LD_RUNPATH_SEARCH_PATHS = (
					"$(inherited)",
					"@executable_path/Frameworks",
				);
				MARKETING_VERSION = 1.0;
				PRODUCT_BUNDLE_IDENTIFIER = lx.LXSwift;
				PRODUCT_NAME = "$(TARGET_NAME)";
				SWIFT_EMIT_LOC_STRINGS = YES;
				SWIFT_VERSION = 5.0;
				TARGETED_DEVICE_FAMILY = "1,2";
			};
			name = Release;
		};
/* End XCBuildConfiguration section */

/* Begin XCConfigurationList section */
		C9BC3DAA2BBA993C00F89F54 /* Build configuration list for PBXProject "LXSwift" */ = {
			isa = XCConfigurationList;
			buildConfigurations = (
				C9BC3DC12BBA993C00F89F54 /* Debug */,
				C9BC3DC22BBA993C00F89F54 /* Release */,
			);
			defaultConfigurationIsVisible = 0;
			defaultConfigurationName = Release;
		};
		C9BC3DC32BBA993C00F89F54 /* Build configuration list for PBXNativeTarget "LXSwift" */ = {
			isa = XCConfigurationList;
			buildConfigurations = (
				C9BC3DC42BBA993C00F89F54 /* Debug */,
				C9BC3DC52BBA993C00F89F54 /* Release */,
			);
			defaultConfigurationIsVisible = 0;
			defaultConfigurationName = Release;
		};
/* End XCConfigurationList section */
	};
	rootObject = C9BC3DA72BBA993C00F89F54 /* Project object */;
}
